// !$*UTF8*$!
{
	archiveVersion = 1;
	classes = {
	};
	objectVersion = 48;
	objects = {

/* Begin PBXBuildFile section */
		A5BD912820603DCC00745FC8 /* AppDelegate.swift in Sources */ = {isa = PBXBuildFile; fileRef = A5BD912720603DCC00745FC8 /* AppDelegate.swift */; };
		A5BD912A20603DCC00745FC8 /* ViewController.swift in Sources */ = {isa = PBXBuildFile; fileRef = A5BD912920603DCC00745FC8 /* ViewController.swift */; };
		A5BD912D20603DCC00745FC8 /* Main.storyboard in Resources */ = {isa = PBXBuildFile; fileRef = A5BD912B20603DCC00745FC8 /* Main.storyboard */; };
		A5BD912F20603DCC00745FC8 /* Assets.xcassets in Resources */ = {isa = PBXBuildFile; fileRef = A5BD912E20603DCC00745FC8 /* Assets.xcassets */; };
		A5BD913220603DCC00745FC8 /* LaunchScreen.storyboard in Resources */ = {isa = PBXBuildFile; fileRef = A5BD913020603DCC00745FC8 /* LaunchScreen.storyboard */; };
		A5BD913D20603FCF00745FC8 /* SafariKeychainManager.swift in Sources */ = {isa = PBXBuildFile; fileRef = A5BD913C20603FCF00745FC8 /* SafariKeychainManager.swift */; };
		A5BD913F2060402E00745FC8 /* KeychainService.swift in Sources */ = {isa = PBXBuildFile; fileRef = A5BD913E2060402E00745FC8 /* KeychainService.swift */; };
		A5BD91412060420000745FC8 /* Extensions.swift in Sources */ = {isa = PBXBuildFile; fileRef = A5BD91402060420000745FC8 /* Extensions.swift */; };
		A5BD91432060435C00745FC8 /* NetworkController.swift in Sources */ = {isa = PBXBuildFile; fileRef = A5BD91422060435C00745FC8 /* NetworkController.swift */; };
		A5BD9145206043CB00745FC8 /* NetworkModels.swift in Sources */ = {isa = PBXBuildFile; fileRef = A5BD9144206043CB00745FC8 /* NetworkModels.swift */; };
		A5BD91472060445800745FC8 /* BaseViewController.swift in Sources */ = {isa = PBXBuildFile; fileRef = A5BD91462060445800745FC8 /* BaseViewController.swift */; };
/* End PBXBuildFile section */

/* Begin PBXFileReference section */
		A5BD912420603DCC00745FC8 /* ChitChatty.app */ = {isa = PBXFileReference; explicitFileType = wrapper.application; includeInIndex = 0; path = ChitChatty.app; sourceTree = BUILT_PRODUCTS_DIR; };
		A5BD912720603DCC00745FC8 /* AppDelegate.swift */ = {isa = PBXFileReference; lastKnownFileType = sourcecode.swift; path = AppDelegate.swift; sourceTree = "<group>"; };
		A5BD912920603DCC00745FC8 /* ViewController.swift */ = {isa = PBXFileReference; lastKnownFileType = sourcecode.swift; path = ViewController.swift; sourceTree = "<group>"; };
		A5BD912C20603DCC00745FC8 /* Base */ = {isa = PBXFileReference; lastKnownFileType = file.storyboard; name = Base; path = Base.lproj/Main.storyboard; sourceTree = "<group>"; };
		A5BD912E20603DCC00745FC8 /* Assets.xcassets */ = {isa = PBXFileReference; lastKnownFileType = folder.assetcatalog; path = Assets.xcassets; sourceTree = "<group>"; };
		A5BD913120603DCC00745FC8 /* Base */ = {isa = PBXFileReference; lastKnownFileType = file.storyboard; name = Base; path = Base.lproj/LaunchScreen.storyboard; sourceTree = "<group>"; };
		A5BD913320603DCC00745FC8 /* Info.plist */ = {isa = PBXFileReference; lastKnownFileType = text.plist.xml; path = Info.plist; sourceTree = "<group>"; };
		A5BD913C20603FCF00745FC8 /* SafariKeychainManager.swift */ = {isa = PBXFileReference; fileEncoding = 4; lastKnownFileType = sourcecode.swift; path = SafariKeychainManager.swift; sourceTree = "<group>"; };
		A5BD913E2060402E00745FC8 /* KeychainService.swift */ = {isa = PBXFileReference; fileEncoding = 4; lastKnownFileType = sourcecode.swift; path = KeychainService.swift; sourceTree = "<group>"; };
		A5BD91402060420000745FC8 /* Extensions.swift */ = {isa = PBXFileReference; lastKnownFileType = sourcecode.swift; path = Extensions.swift; sourceTree = "<group>"; };
		A5BD91422060435C00745FC8 /* NetworkController.swift */ = {isa = PBXFileReference; fileEncoding = 4; lastKnownFileType = sourcecode.swift; path = NetworkController.swift; sourceTree = "<group>"; };
		A5BD9144206043CB00745FC8 /* NetworkModels.swift */ = {isa = PBXFileReference; fileEncoding = 4; lastKnownFileType = sourcecode.swift; path = NetworkModels.swift; sourceTree = "<group>"; };
		A5BD91462060445800745FC8 /* BaseViewController.swift */ = {isa = PBXFileReference; fileEncoding = 4; lastKnownFileType = sourcecode.swift; path = BaseViewController.swift; sourceTree = "<group>"; };
/* End PBXFileReference section */

/* Begin PBXFrameworksBuildPhase section */
		A5BD912120603DCC00745FC8 /* Frameworks */ = {
			isa = PBXFrameworksBuildPhase;
			buildActionMask = 2147483647;
			files = (
			);
			runOnlyForDeploymentPostprocessing = 0;
		};
/* End PBXFrameworksBuildPhase section */

/* Begin PBXGroup section */
		A5BD911B20603DCC00745FC8 = {
			isa = PBXGroup;
			children = (
				A5BD912620603DCC00745FC8 /* ChitChatty */,
				A5BD912520603DCC00745FC8 /* Products */,
			);
			sourceTree = "<group>";
		};
		A5BD912520603DCC00745FC8 /* Products */ = {
			isa = PBXGroup;
			children = (
				A5BD912420603DCC00745FC8 /* ChitChatty.app */,
			);
			name = Products;
			sourceTree = "<group>";
		};
		A5BD912620603DCC00745FC8 /* ChitChatty */ = {
			isa = PBXGroup;
			children = (
				A5BD913920603F9A00745FC8 /* Model */,
				A5BD913B20603FB500745FC8 /* View */,
				A5BD913A20603FA700745FC8 /* Controller */,
				A5BD912720603DCC00745FC8 /* AppDelegate.swift */,
				A5BD912920603DCC00745FC8 /* ViewController.swift */,
				A5BD913320603DCC00745FC8 /* Info.plist */,
			);
			path = ChitChatty;
			sourceTree = "<group>";
		};
		A5BD913920603F9A00745FC8 /* Model */ = {
			isa = PBXGroup;
			children = (
				A5BD9144206043CB00745FC8 /* NetworkModels.swift */,
			);
			path = Model;
			sourceTree = "<group>";
		};
		A5BD913A20603FA700745FC8 /* Controller */ = {
			isa = PBXGroup;
			children = (
				A5BD91462060445800745FC8 /* BaseViewController.swift */,
				A5BD913C20603FCF00745FC8 /* SafariKeychainManager.swift */,
				A5BD913E2060402E00745FC8 /* KeychainService.swift */,
				A5BD91422060435C00745FC8 /* NetworkController.swift */,
				A5BD91402060420000745FC8 /* Extensions.swift */,
			);
			path = Controller;
			sourceTree = "<group>";
		};
		A5BD913B20603FB500745FC8 /* View */ = {
			isa = PBXGroup;
			children = (
				A5BD912B20603DCC00745FC8 /* Main.storyboard */,
				A5BD912E20603DCC00745FC8 /* Assets.xcassets */,
				A5BD913020603DCC00745FC8 /* LaunchScreen.storyboard */,
			);
			path = View;
			sourceTree = "<group>";
		};
/* End PBXGroup section */

/* Begin PBXNativeTarget section */
		A5BD912320603DCC00745FC8 /* ChitChatty */ = {
			isa = PBXNativeTarget;
			buildConfigurationList = A5BD913620603DCC00745FC8 /* Build configuration list for PBXNativeTarget "ChitChatty" */;
			buildPhases = (
				A5BD912020603DCC00745FC8 /* Sources */,
				A5BD912120603DCC00745FC8 /* Frameworks */,
				A5BD912220603DCC00745FC8 /* Resources */,
			);
			buildRules = (
			);
			dependencies = (
			);
			name = ChitChatty;
			productName = ChitChatty;
			productReference = A5BD912420603DCC00745FC8 /* ChitChatty.app */;
			productType = "com.apple.product-type.application";
		};
/* End PBXNativeTarget section */

/* Begin PBXProject section */
		A5BD911C20603DCC00745FC8 /* Project object */ = {
			isa = PBXProject;
			attributes = {
				LastSwiftUpdateCheck = 0920;
				LastUpgradeCheck = 0920;
				ORGANIZATIONNAME = "Gerald Lehana";
				TargetAttributes = {
					A5BD912320603DCC00745FC8 = {
						CreatedOnToolsVersion = 9.2;
						ProvisioningStyle = Automatic;
					};
				};
			};
			buildConfigurationList = A5BD911F20603DCC00745FC8 /* Build configuration list for PBXProject "ChitChatty" */;
			compatibilityVersion = "Xcode 8.0";
			developmentRegion = en;
			hasScannedForEncodings = 0;
			knownRegions = (
				en,
				Base,
			);
			mainGroup = A5BD911B20603DCC00745FC8;
			productRefGroup = A5BD912520603DCC00745FC8 /* Products */;
			projectDirPath = "";
			projectRoot = "";
			targets = (
				A5BD912320603DCC00745FC8 /* ChitChatty */,
			);
		};
/* End PBXProject section */

/* Begin PBXResourcesBuildPhase section */
		A5BD912220603DCC00745FC8 /* Resources */ = {
			isa = PBXResourcesBuildPhase;
			buildActionMask = 2147483647;
			files = (
				A5BD913220603DCC00745FC8 /* LaunchScreen.storyboard in Resources */,
				A5BD912F20603DCC00745FC8 /* Assets.xcassets in Resources */,
				A5BD912D20603DCC00745FC8 /* Main.storyboard in Resources */,
			);
			runOnlyForDeploymentPostprocessing = 0;
		};
/* End PBXResourcesBuildPhase section */

/* Begin PBXSourcesBuildPhase section */
		A5BD912020603DCC00745FC8 /* Sources */ = {
			isa = PBXSourcesBuildPhase;
			buildActionMask = 2147483647;
			files = (
				A5BD91412060420000745FC8 /* Extensions.swift in Sources */,
				A5BD912A20603DCC00745FC8 /* ViewController.swift in Sources */,
				A5BD91432060435C00745FC8 /* NetworkController.swift in Sources */,
				A5BD9145206043CB00745FC8 /* NetworkModels.swift in Sources */,
				A5BD913F2060402E00745FC8 /* KeychainService.swift in Sources */,
				A5BD91472060445800745FC8 /* BaseViewController.swift in Sources */,
				A5BD912820603DCC00745FC8 /* AppDelegate.swift in Sources */,
				A5BD913D20603FCF00745FC8 /* SafariKeychainManager.swift in Sources */,
			);
			runOnlyForDeploymentPostprocessing = 0;
		};
/* End PBXSourcesBuildPhase section */

/* Begin PBXVariantGroup section */
		A5BD912B20603DCC00745FC8 /* Main.storyboard */ = {
			isa = PBXVariantGroup;
			children = (
				A5BD912C20603DCC00745FC8 /* Base */,
			);
			name = Main.storyboard;
			sourceTree = "<group>";
		};
		A5BD913020603DCC00745FC8 /* LaunchScreen.storyboard */ = {
			isa = PBXVariantGroup;
			children = (
				A5BD913120603DCC00745FC8 /* Base */,
			);
			name = LaunchScreen.storyboard;
			sourceTree = "<group>";
		};
/* End PBXVariantGroup section */

/* Begin XCBuildConfiguration section */
		A5BD913420603DCC00745FC8 /* Debug */ = {
			isa = XCBuildConfiguration;
			buildSettings = {
				ALWAYS_SEARCH_USER_PATHS = NO;
				CLANG_ANALYZER_NONNULL = YES;
				CLANG_ANALYZER_NUMBER_OBJECT_CONVERSION = YES_AGGRESSIVE;
				CLANG_CXX_LANGUAGE_STANDARD = "gnu++14";
				CLANG_CXX_LIBRARY = "libc++";
				CLANG_ENABLE_MODULES = YES;
				CLANG_ENABLE_OBJC_ARC = YES;
				CLANG_WARN_BLOCK_CAPTURE_AUTORELEASING = YES;
				CLANG_WARN_BOOL_CONVERSION = YES;
				CLANG_WARN_COMMA = YES;
				CLANG_WARN_CONSTANT_CONVERSION = YES;
				CLANG_WARN_DIRECT_OBJC_ISA_USAGE = YES_ERROR;
				CLANG_WARN_DOCUMENTATION_COMMENTS = YES;
				CLANG_WARN_EMPTY_BODY = YES;
				CLANG_WARN_ENUM_CONVERSION = YES;
				CLANG_WARN_INFINITE_RECURSION = YES;
				CLANG_WARN_INT_CONVERSION = YES;
				CLANG_WARN_NON_LITERAL_NULL_CONVERSION = YES;
				CLANG_WARN_OBJC_LITERAL_CONVERSION = YES;
				CLANG_WARN_OBJC_ROOT_CLASS = YES_ERROR;
				CLANG_WARN_RANGE_LOOP_ANALYSIS = YES;
				CLANG_WARN_STRICT_PROTOTYPES = YES;
				CLANG_WARN_SUSPICIOUS_MOVE = YES;
				CLANG_WARN_UNGUARDED_AVAILABILITY = YES_AGGRESSIVE;
				CLANG_WARN_UNREACHABLE_CODE = YES;
				CLANG_WARN__DUPLICATE_METHOD_MATCH = YES;
				CODE_SIGN_IDENTITY = "iPhone Developer";
				COPY_PHASE_STRIP = NO;
				DEBUG_INFORMATION_FORMAT = dwarf;
				ENABLE_STRICT_OBJC_MSGSEND = YES;
				ENABLE_TESTABILITY = YES;
				GCC_C_LANGUAGE_STANDARD = gnu11;
				GCC_DYNAMIC_NO_PIC = NO;
				GCC_NO_COMMON_BLOCKS = YES;
				GCC_OPTIMIZATION_LEVEL = 0;
				GCC_PREPROCESSOR_DEFINITIONS = (
					"DEBUG=1",
					"$(inherited)",
				);
				GCC_WARN_64_TO_32_BIT_CONVERSION = YES;
				GCC_WARN_ABOUT_RETURN_TYPE = YES_ERROR;
				GCC_WARN_UNDECLARED_SELECTOR = YES;
				GCC_WARN_UNINITIALIZED_AUTOS = YES_AGGRESSIVE;
				GCC_WARN_UNUSED_FUNCTION = YES;
				GCC_WARN_UNUSED_VARIABLE = YES;
				IPHONEOS_DEPLOYMENT_TARGET = 10.0;
				MTL_ENABLE_DEBUG_INFO = YES;
				ONLY_ACTIVE_ARCH = YES;
				SDKROOT = iphoneos;
				SWIFT_ACTIVE_COMPILATION_CONDITIONS = DEBUG;
				SWIFT_OPTIMIZATION_LEVEL = "-Onone";
			};
			name = Debug;
		};
		A5BD913520603DCC00745FC8 /* Release */ = {
			isa = XCBuildConfiguration;
			buildSettings = {
				ALWAYS_SEARCH_USER_PATHS = NO;
				CLANG_ANALYZER_NONNULL = YES;
				CLANG_ANALYZER_NUMBER_OBJECT_CONVERSION = YES_AGGRESSIVE;
				CLANG_CXX_LANGUAGE_STANDARD = "gnu++14";
				CLANG_CXX_LIBRARY = "libc++";
				CLANG_ENABLE_MODULES = YES;
				CLANG_ENABLE_OBJC_ARC = YES;
				CLANG_WARN_BLOCK_CAPTURE_AUTORELEASING = YES;
				CLANG_WARN_BOOL_CONVERSION = YES;
				CLANG_WARN_COMMA = YES;
				CLANG_WARN_CONSTANT_CONVERSION = YES;
				CLANG_WARN_DIRECT_OBJC_ISA_USAGE = YES_ERROR;
				CLANG_WARN_DOCUMENTATION_COMMENTS = YES;
				CLANG_WARN_EMPTY_BODY = YES;
				CLANG_WARN_ENUM_CONVERSION = YES;
				CLANG_WARN_INFINITE_RECURSION = YES;
				CLANG_WARN_INT_CONVERSION = YES;
				CLANG_WARN_NON_LITERAL_NULL_CONVERSION = YES;
				CLANG_WARN_OBJC_LITERAL_CONVERSION = YES;
				CLANG_WARN_OBJC_ROOT_CLASS = YES_ERROR;
				CLANG_WARN_RANGE_LOOP_ANALYSIS = YES;
				CLANG_WARN_STRICT_PROTOTYPES = YES;
				CLANG_WARN_SUSPICIOUS_MOVE = YES;
				CLANG_WARN_UNGUARDED_AVAILABILITY = YES_AGGRESSIVE;
				CLANG_WARN_UNREACHABLE_CODE = YES;
				CLANG_WARN__DUPLICATE_METHOD_MATCH = YES;
				CODE_SIGN_IDENTITY = "iPhone Developer";
				COPY_PHASE_STRIP = NO;
				DEBUG_INFORMATION_FORMAT = "dwarf-with-dsym";
				ENABLE_NS_ASSERTIONS = NO;
				ENABLE_STRICT_OBJC_MSGSEND = YES;
				GCC_C_LANGUAGE_STANDARD = gnu11;
				GCC_NO_COMMON_BLOCKS = YES;
				GCC_WARN_64_TO_32_BIT_CONVERSION = YES;
				GCC_WARN_ABOUT_RETURN_TYPE = YES_ERROR;
				GCC_WARN_UNDECLARED_SELECTOR = YES;
				GCC_WARN_UNINITIALIZED_AUTOS = YES_AGGRESSIVE;
				GCC_WARN_UNUSED_FUNCTION = YES;
				GCC_WARN_UNUSED_VARIABLE = YES;
				IPHONEOS_DEPLOYMENT_TARGET = 10.0;
				MTL_ENABLE_DEBUG_INFO = NO;
				SDKROOT = iphoneos;
				SWIFT_OPTIMIZATION_LEVEL = "-Owholemodule";
				VALIDATE_PRODUCT = YES;
			};
			name = Release;
		};
		A5BD913720603DCC00745FC8 /* Debug */ = {
			isa = XCBuildConfiguration;
			buildSettings = {
				ASSETCATALOG_COMPILER_APPICON_NAME = AppIcon;
				CODE_SIGN_STYLE = Automatic;
				DEVELOPMENT_TEAM = 2HQ7VZ5XEK;
				INFOPLIST_FILE = ChitChatty/Info.plist;
				LD_RUNPATH_SEARCH_PATHS = "$(inherited) @executable_path/Frameworks";
				PRODUCT_BUNDLE_IDENTIFIER = za.co.lehana.gerald.ChitChatty;
				PRODUCT_NAME = "$(TARGET_NAME)";
				SWIFT_VERSION = 4.0;
				TARGETED_DEVICE_FAMILY = "1,2";
			};
			name = Debug;
		};
		A5BD913820603DCC00745FC8 /* Release */ = {
			isa = XCBuildConfiguration;
			buildSettings = {
				ASSETCATALOG_COMPILER_APPICON_NAME = AppIcon;
				CODE_SIGN_STYLE = Automatic;
				DEVELOPMENT_TEAM = 2HQ7VZ5XEK;
				INFOPLIST_FILE = ChitChatty/Info.plist;
				LD_RUNPATH_SEARCH_PATHS = "$(inherited) @executable_path/Frameworks";
				PRODUCT_BUNDLE_IDENTIFIER = za.co.lehana.gerald.ChitChatty;
				PRODUCT_NAME = "$(TARGET_NAME)";
				SWIFT_VERSION = 4.0;
				TARGETED_DEVICE_FAMILY = "1,2";
			};
			name = Release;
		};
/* End XCBuildConfiguration section */

/* Begin XCConfigurationList section */
		A5BD911F20603DCC00745FC8 /* Build configuration list for PBXProject "ChitChatty" */ = {
			isa = XCConfigurationList;
			buildConfigurations = (
				A5BD913420603DCC00745FC8 /* Debug */,
				A5BD913520603DCC00745FC8 /* Release */,
			);
			defaultConfigurationIsVisible = 0;
			defaultConfigurationName = Release;
		};
		A5BD913620603DCC00745FC8 /* Build configuration list for PBXNativeTarget "ChitChatty" */ = {
			isa = XCConfigurationList;
			buildConfigurations = (
				A5BD913720603DCC00745FC8 /* Debug */,
				A5BD913820603DCC00745FC8 /* Release */,
			);
			defaultConfigurationIsVisible = 0;
			defaultConfigurationName = Release;
		};
/* End XCConfigurationList section */
	};
	rootObject = A5BD911C20603DCC00745FC8 /* Project object */;
}
